// !$*UTF8*$!
{
	archiveVersion = 1;
	classes = {
	};
	objectVersion = 46;
	objects = {

/* Begin PBXBuildFile section */
		3611692C1EB4F147009123F5 /* AppDelegate.swift in Sources */ = {isa = PBXBuildFile; fileRef = 3611692B1EB4F147009123F5 /* AppDelegate.swift */; };
		3611692E1EB4F147009123F5 /* ViewController.swift in Sources */ = {isa = PBXBuildFile; fileRef = 3611692D1EB4F147009123F5 /* ViewController.swift */; };
		361169311EB4F147009123F5 /* Main.storyboard in Resources */ = {isa = PBXBuildFile; fileRef = 3611692F1EB4F147009123F5 /* Main.storyboard */; };
		361169331EB4F147009123F5 /* Assets.xcassets in Resources */ = {isa = PBXBuildFile; fileRef = 361169321EB4F147009123F5 /* Assets.xcassets */; };
		361169361EB4F147009123F5 /* LaunchScreen.storyboard in Resources */ = {isa = PBXBuildFile; fileRef = 361169341EB4F147009123F5 /* LaunchScreen.storyboard */; };
		361169411EB4F147009123F5 /* Bai3Lan3Tests.swift in Sources */ = {isa = PBXBuildFile; fileRef = 361169401EB4F147009123F5 /* Bai3Lan3Tests.swift */; };
		3611694C1EB4F147009123F5 /* Bai3Lan3UITests.swift in Sources */ = {isa = PBXBuildFile; fileRef = 3611694B1EB4F147009123F5 /* Bai3Lan3UITests.swift */; };
		3611695A1EB4F218009123F5 /* GalleryItem.swift in Sources */ = {isa = PBXBuildFile; fileRef = 361169591EB4F218009123F5 /* GalleryItem.swift */; };
		3611695C1EB4F26F009123F5 /* items.plist in Resources */ = {isa = PBXBuildFile; fileRef = 3611695B1EB4F26F009123F5 /* items.plist */; };
		361169601EB4F354009123F5 /* GalleryItemCommentView.swift in Sources */ = {isa = PBXBuildFile; fileRef = 3611695F1EB4F354009123F5 /* GalleryItemCommentView.swift */; };
		361169621EB4F3B5009123F5 /* GalleryItemCollectionViewCell.swift in Sources */ = {isa = PBXBuildFile; fileRef = 361169611EB4F3B5009123F5 /* GalleryItemCollectionViewCell.swift */; };
		361169641EB4F421009123F5 /* GalleryCollectionViewController.swift in Sources */ = {isa = PBXBuildFile; fileRef = 361169631EB4F421009123F5 /* GalleryCollectionViewController.swift */; };
/* End PBXBuildFile section */

/* Begin PBXContainerItemProxy section */
		3611693D1EB4F147009123F5 /* PBXContainerItemProxy */ = {
			isa = PBXContainerItemProxy;
			containerPortal = 361169201EB4F147009123F5 /* Project object */;
			proxyType = 1;
			remoteGlobalIDString = 361169271EB4F147009123F5;
			remoteInfo = Bai3Lan3;
		};
		361169481EB4F147009123F5 /* PBXContainerItemProxy */ = {
			isa = PBXContainerItemProxy;
			containerPortal = 361169201EB4F147009123F5 /* Project object */;
			proxyType = 1;
			remoteGlobalIDString = 361169271EB4F147009123F5;
			remoteInfo = Bai3Lan3;
		};
/* End PBXContainerItemProxy section */

/* Begin PBXFileReference section */
		361169281EB4F147009123F5 /* Bai3Lan3.app */ = {isa = PBXFileReference; explicitFileType = wrapper.application; includeInIndex = 0; path = Bai3Lan3.app; sourceTree = BUILT_PRODUCTS_DIR; };
		3611692B1EB4F147009123F5 /* AppDelegate.swift */ = {isa = PBXFileReference; lastKnownFileType = sourcecode.swift; path = AppDelegate.swift; sourceTree = "<group>"; };
		3611692D1EB4F147009123F5 /* ViewController.swift */ = {isa = PBXFileReference; lastKnownFileType = sourcecode.swift; path = ViewController.swift; sourceTree = "<group>"; };
		361169301EB4F147009123F5 /* Base */ = {isa = PBXFileReference; lastKnownFileType = file.storyboard; name = Base; path = Base.lproj/Main.storyboard; sourceTree = "<group>"; };
		361169321EB4F147009123F5 /* Assets.xcassets */ = {isa = PBXFileReference; lastKnownFileType = folder.assetcatalog; path = Assets.xcassets; sourceTree = "<group>"; };
		361169351EB4F147009123F5 /* Base */ = {isa = PBXFileReference; lastKnownFileType = file.storyboard; name = Base; path = Base.lproj/LaunchScreen.storyboard; sourceTree = "<group>"; };
		361169371EB4F147009123F5 /* Info.plist */ = {isa = PBXFileReference; lastKnownFileType = text.plist.xml; path = Info.plist; sourceTree = "<group>"; };
		3611693C1EB4F147009123F5 /* Bai3Lan3Tests.xctest */ = {isa = PBXFileReference; explicitFileType = wrapper.cfbundle; includeInIndex = 0; path = Bai3Lan3Tests.xctest; sourceTree = BUILT_PRODUCTS_DIR; };
		361169401EB4F147009123F5 /* Bai3Lan3Tests.swift */ = {isa = PBXFileReference; lastKnownFileType = sourcecode.swift; path = Bai3Lan3Tests.swift; sourceTree = "<group>"; };
		361169421EB4F147009123F5 /* Info.plist */ = {isa = PBXFileReference; lastKnownFileType = text.plist.xml; path = Info.plist; sourceTree = "<group>"; };
		361169471EB4F147009123F5 /* Bai3Lan3UITests.xctest */ = {isa = PBXFileReference; explicitFileType = wrapper.cfbundle; includeInIndex = 0; path = Bai3Lan3UITests.xctest; sourceTree = BUILT_PRODUCTS_DIR; };
		3611694B1EB4F147009123F5 /* Bai3Lan3UITests.swift */ = {isa = PBXFileReference; lastKnownFileType = sourcecode.swift; path = Bai3Lan3UITests.swift; sourceTree = "<group>"; };
		3611694D1EB4F147009123F5 /* Info.plist */ = {isa = PBXFileReference; lastKnownFileType = text.plist.xml; path = Info.plist; sourceTree = "<group>"; };
		361169591EB4F218009123F5 /* GalleryItem.swift */ = {isa = PBXFileReference; fileEncoding = 4; lastKnownFileType = sourcecode.swift; path = GalleryItem.swift; sourceTree = "<group>"; };
		3611695B1EB4F26F009123F5 /* items.plist */ = {isa = PBXFileReference; fileEncoding = 4; lastKnownFileType = text.plist.xml; path = items.plist; sourceTree = "<group>"; };
		3611695F1EB4F354009123F5 /* GalleryItemCommentView.swift */ = {isa = PBXFileReference; fileEncoding = 4; lastKnownFileType = sourcecode.swift; path = GalleryItemCommentView.swift; sourceTree = "<group>"; };
		361169611EB4F3B5009123F5 /* GalleryItemCollectionViewCell.swift */ = {isa = PBXFileReference; fileEncoding = 4; lastKnownFileType = sourcecode.swift; path = GalleryItemCollectionViewCell.swift; sourceTree = "<group>"; };
		361169631EB4F421009123F5 /* GalleryCollectionViewController.swift */ = {isa = PBXFileReference; fileEncoding = 4; lastKnownFileType = sourcecode.swift; path = GalleryCollectionViewController.swift; sourceTree = "<group>"; };
/* End PBXFileReference section */

/* Begin PBXFrameworksBuildPhase section */
		361169251EB4F147009123F5 /* Frameworks */ = {
			isa = PBXFrameworksBuildPhase;
			buildActionMask = 2147483647;
			files = (
			);
			runOnlyForDeploymentPostprocessing = 0;
		};
		361169391EB4F147009123F5 /* Frameworks */ = {
			isa = PBXFrameworksBuildPhase;
			buildActionMask = 2147483647;
			files = (
			);
			runOnlyForDeploymentPostprocessing = 0;
		};
		361169441EB4F147009123F5 /* Frameworks */ = {
			isa = PBXFrameworksBuildPhase;
			buildActionMask = 2147483647;
			files = (
			);
			runOnlyForDeploymentPostprocessing = 0;
		};
/* End PBXFrameworksBuildPhase section */

/* Begin PBXGroup section */
		3611691F1EB4F147009123F5 = {
			isa = PBXGroup;
			children = (
				3611692A1EB4F147009123F5 /* Bai3Lan3 */,
				3611693F1EB4F147009123F5 /* Bai3Lan3Tests */,
				3611694A1EB4F147009123F5 /* Bai3Lan3UITests */,
				361169291EB4F147009123F5 /* Products */,
			);
			sourceTree = "<group>";
		};
		361169291EB4F147009123F5 /* Products */ = {
			isa = PBXGroup;
			children = (
				361169281EB4F147009123F5 /* Bai3Lan3.app */,
				3611693C1EB4F147009123F5 /* Bai3Lan3Tests.xctest */,
				361169471EB4F147009123F5 /* Bai3Lan3UITests.xctest */,
			);
			name = Products;
			sourceTree = "<group>";
		};
		3611692A1EB4F147009123F5 /* Bai3Lan3 */ = {
			isa = PBXGroup;
			children = (
				3611692B1EB4F147009123F5 /* AppDelegate.swift */,
				3611692D1EB4F147009123F5 /* ViewController.swift */,
				3611692F1EB4F147009123F5 /* Main.storyboard */,
				361169591EB4F218009123F5 /* GalleryItem.swift */,
				3611695B1EB4F26F009123F5 /* items.plist */,
				361169321EB4F147009123F5 /* Assets.xcassets */,
				361169341EB4F147009123F5 /* LaunchScreen.storyboard */,
				361169371EB4F147009123F5 /* Info.plist */,
				3611695F1EB4F354009123F5 /* GalleryItemCommentView.swift */,
				361169611EB4F3B5009123F5 /* GalleryItemCollectionViewCell.swift */,
				361169631EB4F421009123F5 /* GalleryCollectionViewController.swift */,
			);
			path = Bai3Lan3;
			sourceTree = "<group>";
		};
		3611693F1EB4F147009123F5 /* Bai3Lan3Tests */ = {
			isa = PBXGroup;
			children = (
				361169401EB4F147009123F5 /* Bai3Lan3Tests.swift */,
				361169421EB4F147009123F5 /* Info.plist */,
			);
			path = Bai3Lan3Tests;
			sourceTree = "<group>";
		};
		3611694A1EB4F147009123F5 /* Bai3Lan3UITests */ = {
			isa = PBXGroup;
			children = (
				3611694B1EB4F147009123F5 /* Bai3Lan3UITests.swift */,
				3611694D1EB4F147009123F5 /* Info.plist */,
			);
			path = Bai3Lan3UITests;
			sourceTree = "<group>";
		};
/* End PBXGroup section */

/* Begin PBXNativeTarget section */
		361169271EB4F147009123F5 /* Bai3Lan3 */ = {
			isa = PBXNativeTarget;
			buildConfigurationList = 361169501EB4F147009123F5 /* Build configuration list for PBXNativeTarget "Bai3Lan3" */;
			buildPhases = (
				361169241EB4F147009123F5 /* Sources */,
				361169251EB4F147009123F5 /* Frameworks */,
				361169261EB4F147009123F5 /* Resources */,
			);
			buildRules = (
			);
			dependencies = (
			);
			name = Bai3Lan3;
			productName = Bai3Lan3;
			productReference = 361169281EB4F147009123F5 /* Bai3Lan3.app */;
			productType = "com.apple.product-type.application";
		};
		3611693B1EB4F147009123F5 /* Bai3Lan3Tests */ = {
			isa = PBXNativeTarget;
			buildConfigurationList = 361169531EB4F147009123F5 /* Build configuration list for PBXNativeTarget "Bai3Lan3Tests" */;
			buildPhases = (
				361169381EB4F147009123F5 /* Sources */,
				361169391EB4F147009123F5 /* Frameworks */,
				3611693A1EB4F147009123F5 /* Resources */,
			);
			buildRules = (
			);
			dependencies = (
				3611693E1EB4F147009123F5 /* PBXTargetDependency */,
			);
			name = Bai3Lan3Tests;
			productName = Bai3Lan3Tests;
			productReference = 3611693C1EB4F147009123F5 /* Bai3Lan3Tests.xctest */;
			productType = "com.apple.product-type.bundle.unit-test";
		};
		361169461EB4F147009123F5 /* Bai3Lan3UITests */ = {
			isa = PBXNativeTarget;
			buildConfigurationList = 361169561EB4F147009123F5 /* Build configuration list for PBXNativeTarget "Bai3Lan3UITests" */;
			buildPhases = (
				361169431EB4F147009123F5 /* Sources */,
				361169441EB4F147009123F5 /* Frameworks */,
				361169451EB4F147009123F5 /* Resources */,
			);
			buildRules = (
			);
			dependencies = (
				361169491EB4F147009123F5 /* PBXTargetDependency */,
			);
			name = Bai3Lan3UITests;
			productName = Bai3Lan3UITests;
			productReference = 361169471EB4F147009123F5 /* Bai3Lan3UITests.xctest */;
			productType = "com.apple.product-type.bundle.ui-testing";
		};
/* End PBXNativeTarget section */

/* Begin PBXProject section */
		361169201EB4F147009123F5 /* Project object */ = {
			isa = PBXProject;
			attributes = {
				LastSwiftUpdateCheck = 0830;
				LastUpgradeCheck = 0830;
				ORGANIZATIONNAME = quanmacos;
				TargetAttributes = {
					361169271EB4F147009123F5 = {
						CreatedOnToolsVersion = 8.3.1;
						ProvisioningStyle = Automatic;
					};
					3611693B1EB4F147009123F5 = {
						CreatedOnToolsVersion = 8.3.1;
						ProvisioningStyle = Automatic;
						TestTargetID = 361169271EB4F147009123F5;
					};
					361169461EB4F147009123F5 = {
						CreatedOnToolsVersion = 8.3.1;
						ProvisioningStyle = Automatic;
						TestTargetID = 361169271EB4F147009123F5;
					};
				};
			};
			buildConfigurationList = 361169231EB4F147009123F5 /* Build configuration list for PBXProject "Bai3Lan3" */;
			compatibilityVersion = "Xcode 3.2";
			developmentRegion = English;
			hasScannedForEncodings = 0;
			knownRegions = (
				en,
				Base,
			);
			mainGroup = 3611691F1EB4F147009123F5;
			productRefGroup = 361169291EB4F147009123F5 /* Products */;
			projectDirPath = "";
			projectRoot = "";
			targets = (
				361169271EB4F147009123F5 /* Bai3Lan3 */,
				3611693B1EB4F147009123F5 /* Bai3Lan3Tests */,
				361169461EB4F147009123F5 /* Bai3Lan3UITests */,
			);
		};
/* End PBXProject section */

/* Begin PBXResourcesBuildPhase section */
		361169261EB4F147009123F5 /* Resources */ = {
			isa = PBXResourcesBuildPhase;
			buildActionMask = 2147483647;
			files = (
				361169361EB4F147009123F5 /* LaunchScreen.storyboard in Resources */,
				361169331EB4F147009123F5 /* Assets.xcassets in Resources */,
				361169311EB4F147009123F5 /* Main.storyboard in Resources */,
				3611695C1EB4F26F009123F5 /* items.plist in Resources */,
			);
			runOnlyForDeploymentPostprocessing = 0;
		};
		3611693A1EB4F147009123F5 /* Resources */ = {
			isa = PBXResourcesBuildPhase;
			buildActionMask = 2147483647;
			files = (
			);
			runOnlyForDeploymentPostprocessing = 0;
		};
		361169451EB4F147009123F5 /* Resources */ = {
			isa = PBXResourcesBuildPhase;
			buildActionMask = 2147483647;
			files = (
			);
			runOnlyForDeploymentPostprocessing = 0;
		};
/* End PBXResourcesBuildPhase section */

/* Begin PBXSourcesBuildPhase section */
		361169241EB4F147009123F5 /* Sources */ = {
			isa = PBXSourcesBuildPhase;
			buildActionMask = 2147483647;
			files = (
				361169601EB4F354009123F5 /* GalleryItemCommentView.swift in Sources */,
				361169641EB4F421009123F5 /* GalleryCollectionViewController.swift in Sources */,
				3611692E1EB4F147009123F5 /* ViewController.swift in Sources */,
				3611692C1EB4F147009123F5 /* AppDelegate.swift in Sources */,
				3611695A1EB4F218009123F5 /* GalleryItem.swift in Sources */,
				361169621EB4F3B5009123F5 /* GalleryItemCollectionViewCell.swift in Sources */,
			);
			runOnlyForDeploymentPostprocessing = 0;
		};
		361169381EB4F147009123F5 /* Sources */ = {
			isa = PBXSourcesBuildPhase;
			buildActionMask = 2147483647;
			files = (
				361169411EB4F147009123F5 /* Bai3Lan3Tests.swift in Sources */,
			);
			runOnlyForDeploymentPostprocessing = 0;
		};
		361169431EB4F147009123F5 /* Sources */ = {
			isa = PBXSourcesBuildPhase;
			buildActionMask = 2147483647;
			files = (
				3611694C1EB4F147009123F5 /* Bai3Lan3UITests.swift in Sources */,
			);
			runOnlyForDeploymentPostprocessing = 0;
		};
/* End PBXSourcesBuildPhase section */

/* Begin PBXTargetDependency section */
		3611693E1EB4F147009123F5 /* PBXTargetDependency */ = {
			isa = PBXTargetDependency;
			target = 361169271EB4F147009123F5 /* Bai3Lan3 */;
			targetProxy = 3611693D1EB4F147009123F5 /* PBXContainerItemProxy */;
		};
		361169491EB4F147009123F5 /* PBXTargetDependency */ = {
			isa = PBXTargetDependency;
			target = 361169271EB4F147009123F5 /* Bai3Lan3 */;
			targetProxy = 361169481EB4F147009123F5 /* PBXContainerItemProxy */;
		};
/* End PBXTargetDependency section */

/* Begin PBXVariantGroup section */
		3611692F1EB4F147009123F5 /* Main.storyboard */ = {
			isa = PBXVariantGroup;
			children = (
				361169301EB4F147009123F5 /* Base */,
			);
			name = Main.storyboard;
			sourceTree = "<group>";
		};
		361169341EB4F147009123F5 /* LaunchScreen.storyboard */ = {
			isa = PBXVariantGroup;
			children = (
				361169351EB4F147009123F5 /* Base */,
			);
			name = LaunchScreen.storyboard;
			sourceTree = "<group>";
		};
/* End PBXVariantGroup section */

/* Begin XCBuildConfiguration section */
		3611694E1EB4F147009123F5 /* Debug */ = {
			isa = XCBuildConfiguration;
			buildSettings = {
				ALWAYS_SEARCH_USER_PATHS = NO;
				CLANG_ANALYZER_NONNULL = YES;
				CLANG_ANALYZER_NUMBER_OBJECT_CONVERSION = YES_AGGRESSIVE;
				CLANG_CXX_LANGUAGE_STANDARD = "gnu++0x";
				CLANG_CXX_LIBRARY = "libc++";
				CLANG_ENABLE_MODULES = YES;
				CLANG_ENABLE_OBJC_ARC = YES;
				CLANG_WARN_BOOL_CONVERSION = YES;
				CLANG_WARN_CONSTANT_CONVERSION = YES;
				CLANG_WARN_DIRECT_OBJC_ISA_USAGE = YES_ERROR;
				CLANG_WARN_DOCUMENTATION_COMMENTS = YES;
				CLANG_WARN_EMPTY_BODY = YES;
				CLANG_WARN_ENUM_CONVERSION = YES;
				CLANG_WARN_INFINITE_RECURSION = YES;
				CLANG_WARN_INT_CONVERSION = YES;
				CLANG_WARN_OBJC_ROOT_CLASS = YES_ERROR;
				CLANG_WARN_SUSPICIOUS_MOVE = YES;
				CLANG_WARN_UNREACHABLE_CODE = YES;
				CLANG_WARN__DUPLICATE_METHOD_MATCH = YES;
				"CODE_SIGN_IDENTITY[sdk=iphoneos*]" = "iPhone Developer";
				COPY_PHASE_STRIP = NO;
				DEBUG_INFORMATION_FORMAT = dwarf;
				ENABLE_STRICT_OBJC_MSGSEND = YES;
				ENABLE_TESTABILITY = YES;
				GCC_C_LANGUAGE_STANDARD = gnu99;
				GCC_DYNAMIC_NO_PIC = NO;
				GCC_NO_COMMON_BLOCKS = YES;
				GCC_OPTIMIZATION_LEVEL = 0;
				GCC_PREPROCESSOR_DEFINITIONS = (
					"DEBUG=1",
					"$(inherited)",
				);
				GCC_WARN_64_TO_32_BIT_CONVERSION = YES;
				GCC_WARN_ABOUT_RETURN_TYPE = YES_ERROR;
				GCC_WARN_UNDECLARED_SELECTOR = YES;
				GCC_WARN_UNINITIALIZED_AUTOS = YES_AGGRESSIVE;
				GCC_WARN_UNUSED_FUNCTION = YES;
				GCC_WARN_UNUSED_VARIABLE = YES;
				IPHONEOS_DEPLOYMENT_TARGET = 10.3;
				MTL_ENABLE_DEBUG_INFO = YES;
				ONLY_ACTIVE_ARCH = YES;
				SDKROOT = iphoneos;
				SWIFT_ACTIVE_COMPILATION_CONDITIONS = DEBUG;
				SWIFT_OPTIMIZATION_LEVEL = "-Onone";
				TARGETED_DEVICE_FAMILY = 2;
			};
			name = Debug;
		};
		3611694F1EB4F147009123F5 /* Release */ = {
			isa = XCBuildConfiguration;
			buildSettings = {
				ALWAYS_SEARCH_USER_PATHS = NO;
				CLANG_ANALYZER_NONNULL = YES;
				CLANG_ANALYZER_NUMBER_OBJECT_CONVERSION = YES_AGGRESSIVE;
				CLANG_CXX_LANGUAGE_STANDARD = "gnu++0x";
				CLANG_CXX_LIBRARY = "libc++";
				CLANG_ENABLE_MODULES = YES;
				CLANG_ENABLE_OBJC_ARC = YES;
				CLANG_WARN_BOOL_CONVERSION = YES;
				CLANG_WARN_CONSTANT_CONVERSION = YES;
				CLANG_WARN_DIRECT_OBJC_ISA_USAGE = YES_ERROR;
				CLANG_WARN_DOCUMENTATION_COMMENTS = YES;
				CLANG_WARN_EMPTY_BODY = YES;
				CLANG_WARN_ENUM_CONVERSION = YES;
				CLANG_WARN_INFINITE_RECURSION = YES;
				CLANG_WARN_INT_CONVERSION = YES;
				CLANG_WARN_OBJC_ROOT_CLASS = YES_ERROR;
				CLANG_WARN_SUSPICIOUS_MOVE = YES;
				CLANG_WARN_UNREACHABLE_CODE = YES;
				CLANG_WARN__DUPLICATE_METHOD_MATCH = YES;
				"CODE_SIGN_IDENTITY[sdk=iphoneos*]" = "iPhone Developer";
				COPY_PHASE_STRIP = NO;
				DEBUG_INFORMATION_FORMAT = "dwarf-with-dsym";
				ENABLE_NS_ASSERTIONS = NO;
				ENABLE_STRICT_OBJC_MSGSEND = YES;
				GCC_C_LANGUAGE_STANDARD = gnu99;
				GCC_NO_COMMON_BLOCKS = YES;
				GCC_WARN_64_TO_32_BIT_CONVERSION = YES;
				GCC_WARN_ABOUT_RETURN_TYPE = YES_ERROR;
				GCC_WARN_UNDECLARED_SELECTOR = YES;
				GCC_WARN_UNINITIALIZED_AUTOS = YES_AGGRESSIVE;
				GCC_WARN_UNUSED_FUNCTION = YES;
				GCC_WARN_UNUSED_VARIABLE = YES;
				IPHONEOS_DEPLOYMENT_TARGET = 10.3;
				MTL_ENABLE_DEBUG_INFO = NO;
				SDKROOT = iphoneos;
				SWIFT_OPTIMIZATION_LEVEL = "-Owholemodule";
				TARGETED_DEVICE_FAMILY = 2;
				VALIDATE_PRODUCT = YES;
			};
			name = Release;
		};
		361169511EB4F147009123F5 /* Debug */ = {
			isa = XCBuildConfiguration;
			buildSettings = {
				ASSETCATALOG_COMPILER_APPICON_NAME = AppIcon;
				INFOPLIST_FILE = Bai3Lan3/Info.plist;
				LD_RUNPATH_SEARCH_PATHS = "$(inherited) @executable_path/Frameworks";
				PRODUCT_BUNDLE_IDENTIFIER = quanmacos.Bai3Lan3;
				PRODUCT_NAME = "$(TARGET_NAME)";
				SWIFT_VERSION = 3.0;
			};
			name = Debug;
		};
		361169521EB4F147009123F5 /* Release */ = {
			isa = XCBuildConfiguration;
			buildSettings = {
				ASSETCATALOG_COMPILER_APPICON_NAME = AppIcon;
				INFOPLIST_FILE = Bai3Lan3/Info.plist;
				LD_RUNPATH_SEARCH_PATHS = "$(inherited) @executable_path/Frameworks";
				PRODUCT_BUNDLE_IDENTIFIER = quanmacos.Bai3Lan3;
				PRODUCT_NAME = "$(TARGET_NAME)";
				SWIFT_VERSION = 3.0;
			};
			name = Release;
		};
		361169541EB4F147009123F5 /* Debug */ = {
			isa = XCBuildConfiguration;
			buildSettings = {
				ALWAYS_EMBED_SWIFT_STANDARD_LIBRARIES = YES;
				BUNDLE_LOADER = "$(TEST_HOST)";
				INFOPLIST_FILE = Bai3Lan3Tests/Info.plist;
				LD_RUNPATH_SEARCH_PATHS = "$(inherited) @executable_path/Frameworks @loader_path/Frameworks";
				PRODUCT_BUNDLE_IDENTIFIER = quanmacos.Bai3Lan3Tests;
				PRODUCT_NAME = "$(TARGET_NAME)";
				SWIFT_VERSION = 3.0;
				TEST_HOST = "$(BUILT_PRODUCTS_DIR)/Bai3Lan3.app/Bai3Lan3";
			};
			name = Debug;
		};
		361169551EB4F147009123F5 /* Release */ = {
			isa = XCBuildConfiguration;
			buildSettings = {
				ALWAYS_EMBED_SWIFT_STANDARD_LIBRARIES = YES;
				BUNDLE_LOADER = "$(TEST_HOST)";
				INFOPLIST_FILE = Bai3Lan3Tests/Info.plist;
				LD_RUNPATH_SEARCH_PATHS = "$(inherited) @executable_path/Frameworks @loader_path/Frameworks";
				PRODUCT_BUNDLE_IDENTIFIER = quanmacos.Bai3Lan3Tests;
				PRODUCT_NAME = "$(TARGET_NAME)";
				SWIFT_VERSION = 3.0;
				TEST_HOST = "$(BUILT_PRODUCTS_DIR)/Bai3Lan3.app/Bai3Lan3";
			};
			name = Release;
		};
		361169571EB4F147009123F5 /* Debug */ = {
			isa = XCBuildConfiguration;
			buildSettings = {
				ALWAYS_EMBED_SWIFT_STANDARD_LIBRARIES = YES;
				INFOPLIST_FILE = Bai3Lan3UITests/Info.plist;
				LD_RUNPATH_SEARCH_PATHS = "$(inherited) @executable_path/Frameworks @loader_path/Frameworks";
				PRODUCT_BUNDLE_IDENTIFIER = quanmacos.Bai3Lan3UITests;
				PRODUCT_NAME = "$(TARGET_NAME)";
				SWIFT_VERSION = 3.0;
				TEST_TARGET_NAME = Bai3Lan3;
			};
			name = Debug;
		};
		361169581EB4F147009123F5 /* Release */ = {
			isa = XCBuildConfiguration;
			buildSettings = {
				ALWAYS_EMBED_SWIFT_STANDARD_LIBRARIES = YES;
				INFOPLIST_FILE = Bai3Lan3UITests/Info.plist;
				LD_RUNPATH_SEARCH_PATHS = "$(inherited) @executable_path/Frameworks @loader_path/Frameworks";
				PRODUCT_BUNDLE_IDENTIFIER = quanmacos.Bai3Lan3UITests;
				PRODUCT_NAME = "$(TARGET_NAME)";
				SWIFT_VERSION = 3.0;
				TEST_TARGET_NAME = Bai3Lan3;
			};
			name = Release;
		};
/* End XCBuildConfiguration section */

/* Begin XCConfigurationList section */
		361169231EB4F147009123F5 /* Build configuration list for PBXProject "Bai3Lan3" */ = {
			isa = XCConfigurationList;
			buildConfigurations = (
				3611694E1EB4F147009123F5 /* Debug */,
				3611694F1EB4F147009123F5 /* Release */,
			);
			defaultConfigurationIsVisible = 0;
			defaultConfigurationName = Release;
		};
		361169501EB4F147009123F5 /* Build configuration list for PBXNativeTarget "Bai3Lan3" */ = {
			isa = XCConfigurationList;
			buildConfigurations = (
				361169511EB4F147009123F5 /* Debug */,
				361169521EB4F147009123F5 /* Release */,
			);
			defaultConfigurationIsVisible = 0;
		};
		361169531EB4F147009123F5 /* Build configuration list for PBXNativeTarget "Bai3Lan3Tests" */ = {
			isa = XCConfigurationList;
			buildConfigurations = (
				361169541EB4F147009123F5 /* Debug */,
				361169551EB4F147009123F5 /* Release */,
			);
			defaultConfigurationIsVisible = 0;
		};
		361169561EB4F147009123F5 /* Build configuration list for PBXNativeTarget "Bai3Lan3UITests" */ = {
			isa = XCConfigurationList;
			buildConfigurations = (
				361169571EB4F147009123F5 /* Debug */,
				361169581EB4F147009123F5 /* Release */,
			);
			defaultConfigurationIsVisible = 0;
		};
/* End XCConfigurationList section */
	};
	rootObject = 361169201EB4F147009123F5 /* Project object */;
}
